
Microsoft Visual Studio Solution File, Format Version 11.00
# Visual Studio 2010
Project("{FAE04EC0-301F-11D3-BF4B-00C04F79EFBC}") = "MagicalMerchant", "MagicalMerchant\MagicalMerchant.csproj", "{B1730856-F52B-4202-81BD-663D99E3F5AF}"
EndProject
Project("{FAE04EC0-301F-11D3-BF4B-00C04F79EFBC}") = "MagicalMerchantTests", "MagicalMerchantTests\MagicalMerchantTests.csproj", "{4995D559-78F5-438F-939D-F9ED2950D39F}"
EndProject
Global
	GlobalSection(SolutionConfigurationPlatforms) = preSolution
		Debug|Any CPU = Debug|Any CPU
		Debug|Mixed Platforms = Debug|Mixed Platforms
		Debug|x86 = Debug|x86
		Release|Any CPU = Release|Any CPU
		Release|Mixed Platforms = Release|Mixed Platforms
		Release|x86 = Release|x86
	EndGlobalSection
	GlobalSection(ProjectConfigurationPlatforms) = postSolution
		{B1730856-F52B-4202-81BD-663D99E3F5AF}.Debug|Any CPU.ActiveCfg = Debug|x86
		{B1730856-F52B-4202-81BD-663D99E3F5AF}.Debug|Mixed Platforms.ActiveCfg = Debug|x86
		{B1730856-F52B-4202-81BD-663D99E3F5AF}.Debug|Mixed Platforms.Build.0 = Debug|x86
		{B1730856-F52B-4202-81BD-663D99E3F5AF}.Debug|x86.ActiveCfg = Debug|x86
		{B1730856-F52B-4202-81BD-663D99E3F5AF}.Debug|x86.Build.0 = Debug|x86
		{B1730856-F52B-4202-81BD-663D99E3F5AF}.Release|Any CPU.ActiveCfg = Release|x86
		{B1730856-F52B-4202-81BD-663D99E3F5AF}.Release|Mixed Platforms.ActiveCfg = Release|x86
		{B1730856-F52B-4202-81BD-663D99E3F5AF}.Release|Mixed Platforms.Build.0 = Release|x86
		{B1730856-F52B-4202-81BD-663D99E3F5AF}.Release|x86.ActiveCfg = Release|x86
		{B1730856-F52B-4202-81BD-663D99E3F5AF}.Release|x86.Build.0 = Release|x86
		{4995D559-78F5-438F-939D-F9ED2950D39F}.Debug|Any CPU.ActiveCfg = Debug|Any CPU
		{4995D559-78F5-438F-939D-F9ED2950D39F}.Debug|Any CPU.Build.0 = Debug|Any CPU
		{4995D559-78F5-438F-939D-F9ED2950D39F}.Debug|Mixed Platforms.ActiveCfg = Debug|Any CPU
		{4995D559-78F5-438F-939D-F9ED2950D39F}.Debug|Mixed Platforms.Build.0 = Debug|Any CPU
		{4995D559-78F5-438F-939D-F9ED2950D39F}.Debug|x86.ActiveCfg = Debug|Any CPU
		{4995D559-78F5-438F-939D-F9ED2950D39F}.Release|Any CPU.ActiveCfg = Release|Any CPU
		{4995D559-78F5-438F-939D-F9ED2950D39F}.Release|Any CPU.Build.0 = Release|Any CPU
		{4995D559-78F5-438F-939D-F9ED2950D39F}.Release|Mixed Platforms.ActiveCfg = Release|Any CPU
		{4995D559-78F5-438F-939D-F9ED2950D39F}.Release|Mixed Platforms.Build.0 = Release|Any CPU
		{4995D559-78F5-438F-939D-F9ED2950D39F}.Release|x86.ActiveCfg = Release|Any CPU
	EndGlobalSection
	GlobalSection(SolutionProperties) = preSolution
		HideSolutionNode = FALSE
	EndGlobalSection
EndGlobal
